<?xml version="1.0" encoding="utf-8"?>
<Project ToolsVersion="4.0" xmlns="http://schemas.microsoft.com/developer/msbuild/2003">
  <ItemGroup>
    <Filter Include="源文件">
      <UniqueIdentifier>{4FC737F1-C7A5-4376-A066-2A32D752A2FF}</UniqueIdentifier>
      <Extensions>cpp;c;cc;cxx;c++;cppm;ixx;def;odl;idl;hpj;bat;asm;asmx</Extensions>
    </Filter>
    <Filter Include="头文件">
      <UniqueIdentifier>{93995380-89BD-4b04-88EB-625FBE52EBFB}</UniqueIdentifier>
      <Extensions>h;hh;hpp;hxx;h++;hm;inl;inc;ipp;xsd</Extensions>
    </Filter>
    <Filter Include="资源文件">
      <UniqueIdentifier>{67DA6AB6-F800-4c08-8B7A-83BB121AAD01}</UniqueIdentifier>
      <Extensions>rc;ico;cur;bmp;dlg;rc2;rct;bin;rgs;gif;jpg;jpeg;jpe;resx;tiff;tif;png;wav;mfcribbon-ms</Extensions>
    </Filter>
  </ItemGroup>
  <ItemGroup>
    <ClCompile Include="STL函数对象及常用算法.cpp">
      <Filter>源文件</Filter>
    </ClCompile>
    <ClCompile Include="01_函数对象的基本使用.cpp">
      <Filter>源文件</Filter>
    </ClCompile>
    <ClCompile Include="02_谓词.cpp">
      <Filter>源文件</Filter>
    </ClCompile>
    <ClCompile Include="03_内建函数对象_算术仿函数.cpp">
      <Filter>源文件</Filter>
    </ClCompile>
    <ClCompile Include="04_内建函数对象_关系仿函数.cpp">
      <Filter>源文件</Filter>
    </ClCompile>
    <ClCompile Include="05_内建函数对象_逻辑仿函数.cpp">
      <Filter>源文件</Filter>
    </ClCompile>
    <ClCompile Include="06_常用遍历算法_for_each.cpp">
      <Filter>源文件</Filter>
    </ClCompile>
    <ClCompile Include="07_常用遍历算法_transform.cpp">
      <Filter>源文件</Filter>
    </ClCompile>
    <ClCompile Include="08_常用查找算法_find.cpp">
      <Filter>源文件</Filter>
    </ClCompile>
    <ClCompile Include="09_常用查找算法_find_if.cpp">
      <Filter>源文件</Filter>
    </ClCompile>
    <ClCompile Include="10_常用查找算法_adjacent_find.cpp">
      <Filter>源文件</Filter>
    </ClCompile>
    <ClCompile Include="11_常用查找算法_binary_search.cpp">
      <Filter>源文件</Filter>
    </ClCompile>
    <ClCompile Include="12_常用查找算法_count.cpp">
      <Filter>源文件</Filter>
    </ClCompile>
    <ClCompile Include="13_常用查找算法_count_if.cpp">
      <Filter>源文件</Filter>
    </ClCompile>
    <ClCompile Include="14_常用排序算法_sort.cpp">
      <Filter>源文件</Filter>
    </ClCompile>
    <ClCompile Include="15_常用排序算法_random_shuffle.cpp">
      <Filter>源文件</Filter>
    </ClCompile>
    <ClCompile Include="16_常用排序算法_merge.cpp">
      <Filter>源文件</Filter>
    </ClCompile>
    <ClCompile Include="17_常用排序算法_reverse.cpp">
      <Filter>源文件</Filter>
    </ClCompile>
    <ClCompile Include="18_常用拷贝和替换算法_copy.cpp">
      <Filter>源文件</Filter>
    </ClCompile>
    <ClCompile Include="19_常用拷贝和替换算法_replace.cpp">
      <Filter>源文件</Filter>
    </ClCompile>
    <ClCompile Include="20_常用拷贝和替换算法_replace_if.cpp">
      <Filter>源文件</Filter>
    </ClCompile>
    <ClCompile Include="21_常用拷贝和替换算法_swap.cpp">
      <Filter>源文件</Filter>
    </ClCompile>
    <ClCompile Include="22_常用的算术生成算法_accumulate.cpp">
      <Filter>源文件</Filter>
    </ClCompile>
    <ClCompile Include="23_常用算术生成算法_fill.cpp">
      <Filter>源文件</Filter>
    </ClCompile>
    <ClCompile Include="24_常用集合算法_set_intersection.cpp">
      <Filter>源文件</Filter>
    </ClCompile>
    <ClCompile Include="25_常用集合算法_set_union.cpp">
      <Filter>源文件</Filter>
    </ClCompile>
    <ClCompile Include="26_常用集合算法_set_difference.cpp">
      <Filter>源文件</Filter>
    </ClCompile>
  </ItemGroup>
</Project>